
Microsoft Visual Studio Solution File, Format Version 12.00
Project("{FAE04EC0-301F-11D3-BF4B-00C04F79EFBC}") = "RemoteSharedHoster", "RemoteSharedHoster\RemoteSharedHoster.csproj", "{410A963F-6386-4E7F-939D-5EC69B06A830}"
EndProject
Project("{2150E333-8FDC-42A3-9474-1A3956D46DE8}") = "Node", "Node", "{FA294EAA-E1A4-4664-BB81-681BD4CC97D8}"
EndProject
Project("{FAE04EC0-301F-11D3-BF4B-00C04F79EFBC}") = "RSH.Node.Control", "RSH.Node.Control\RSH.Node.Control.csproj", "{12FE49F4-D4AA-4155-ADC4-04D073232357}"
EndProject
Project("{FAE04EC0-301F-11D3-BF4B-00C04F79EFBC}") = "RSH.Node.Servers", "RSH.Node.Servers\RSH.Node.Servers.csproj", "{B4327A08-C64F-4294-BBCF-E4669A83077E}"
EndProject
Project("{2150E333-8FDC-42A3-9474-1A3956D46DE8}") = "Tests", "Tests", "{734FB6BB-2179-46A9-A10B-A162D6D9880C}"
EndProject
Project("{FAE04EC0-301F-11D3-BF4B-00C04F79EFBC}") = "RSH.Test.Project1", "RSH.Test.Project1\RSH.Test.Project1.csproj", "{8932B974-5A8C-40C3-9521-46BC74B1FC09}"
EndProject
Project("{FAE04EC0-301F-11D3-BF4B-00C04F79EFBC}") = "RSH.Test.Project2", "RSH.Test.Project2\RSH.Test.Project2.csproj", "{4A4953BA-6FC5-4DA1-9D42-8DF51D633725}"
EndProject
Project("{2150E333-8FDC-42A3-9474-1A3956D46DE8}") = "Global", "Global", "{1C124312-6320-4582-91CC-FD5EDF7C2B07}"
EndProject
Project("{FAE04EC0-301F-11D3-BF4B-00C04F79EFBC}") = "RSH.Global.Util", "RSH.Global.Util\RSH.Global.Util.csproj", "{D2B37FBC-198B-4931-B46B-C7DC466E97AC}"
EndProject
Project("{FAE04EC0-301F-11D3-BF4B-00C04F79EFBC}") = "RSH.Global.Conf", "RSH.Global.Conf\RSH.Global.Conf.csproj", "{AE9AE95B-07FC-4F03-8F71-87698D04FE79}"
EndProject
Global
	GlobalSection(SolutionConfigurationPlatforms) = preSolution
		Debug|Any CPU = Debug|Any CPU
		Release|Any CPU = Release|Any CPU
	EndGlobalSection
	GlobalSection(ProjectConfigurationPlatforms) = postSolution
		{410A963F-6386-4E7F-939D-5EC69B06A830}.Debug|Any CPU.ActiveCfg = Debug|Any CPU
		{410A963F-6386-4E7F-939D-5EC69B06A830}.Debug|Any CPU.Build.0 = Debug|Any CPU
		{410A963F-6386-4E7F-939D-5EC69B06A830}.Release|Any CPU.ActiveCfg = Release|Any CPU
		{410A963F-6386-4E7F-939D-5EC69B06A830}.Release|Any CPU.Build.0 = Release|Any CPU
		{12FE49F4-D4AA-4155-ADC4-04D073232357}.Debug|Any CPU.ActiveCfg = Debug|Any CPU
		{12FE49F4-D4AA-4155-ADC4-04D073232357}.Debug|Any CPU.Build.0 = Debug|Any CPU
		{12FE49F4-D4AA-4155-ADC4-04D073232357}.Release|Any CPU.ActiveCfg = Release|Any CPU
		{12FE49F4-D4AA-4155-ADC4-04D073232357}.Release|Any CPU.Build.0 = Release|Any CPU
		{B4327A08-C64F-4294-BBCF-E4669A83077E}.Debug|Any CPU.ActiveCfg = Debug|Any CPU
		{B4327A08-C64F-4294-BBCF-E4669A83077E}.Debug|Any CPU.Build.0 = Debug|Any CPU
		{B4327A08-C64F-4294-BBCF-E4669A83077E}.Release|Any CPU.ActiveCfg = Release|Any CPU
		{B4327A08-C64F-4294-BBCF-E4669A83077E}.Release|Any CPU.Build.0 = Release|Any CPU
		{8932B974-5A8C-40C3-9521-46BC74B1FC09}.Debug|Any CPU.ActiveCfg = Debug|Any CPU
		{8932B974-5A8C-40C3-9521-46BC74B1FC09}.Debug|Any CPU.Build.0 = Debug|Any CPU
		{8932B974-5A8C-40C3-9521-46BC74B1FC09}.Release|Any CPU.ActiveCfg = Release|Any CPU
		{8932B974-5A8C-40C3-9521-46BC74B1FC09}.Release|Any CPU.Build.0 = Release|Any CPU
		{4A4953BA-6FC5-4DA1-9D42-8DF51D633725}.Debug|Any CPU.ActiveCfg = Debug|Any CPU
		{4A4953BA-6FC5-4DA1-9D42-8DF51D633725}.Debug|Any CPU.Build.0 = Debug|Any CPU
		{4A4953BA-6FC5-4DA1-9D42-8DF51D633725}.Release|Any CPU.ActiveCfg = Release|Any CPU
		{4A4953BA-6FC5-4DA1-9D42-8DF51D633725}.Release|Any CPU.Build.0 = Release|Any CPU
		{D2B37FBC-198B-4931-B46B-C7DC466E97AC}.Debug|Any CPU.ActiveCfg = Debug|Any CPU
		{D2B37FBC-198B-4931-B46B-C7DC466E97AC}.Debug|Any CPU.Build.0 = Debug|Any CPU
		{D2B37FBC-198B-4931-B46B-C7DC466E97AC}.Release|Any CPU.ActiveCfg = Release|Any CPU
		{D2B37FBC-198B-4931-B46B-C7DC466E97AC}.Release|Any CPU.Build.0 = Release|Any CPU
		{AE9AE95B-07FC-4F03-8F71-87698D04FE79}.Debug|Any CPU.ActiveCfg = Debug|Any CPU
		{AE9AE95B-07FC-4F03-8F71-87698D04FE79}.Debug|Any CPU.Build.0 = Debug|Any CPU
		{AE9AE95B-07FC-4F03-8F71-87698D04FE79}.Release|Any CPU.ActiveCfg = Release|Any CPU
		{AE9AE95B-07FC-4F03-8F71-87698D04FE79}.Release|Any CPU.Build.0 = Release|Any CPU
	EndGlobalSection
	GlobalSection(NestedProjects) = preSolution
		{12FE49F4-D4AA-4155-ADC4-04D073232357} = {FA294EAA-E1A4-4664-BB81-681BD4CC97D8}
		{B4327A08-C64F-4294-BBCF-E4669A83077E} = {FA294EAA-E1A4-4664-BB81-681BD4CC97D8}
		{8932B974-5A8C-40C3-9521-46BC74B1FC09} = {734FB6BB-2179-46A9-A10B-A162D6D9880C}
		{4A4953BA-6FC5-4DA1-9D42-8DF51D633725} = {734FB6BB-2179-46A9-A10B-A162D6D9880C}
		{D2B37FBC-198B-4931-B46B-C7DC466E97AC} = {1C124312-6320-4582-91CC-FD5EDF7C2B07}
		{AE9AE95B-07FC-4F03-8F71-87698D04FE79} = {1C124312-6320-4582-91CC-FD5EDF7C2B07}
	EndGlobalSection
EndGlobal
